// !$*UTF8*$!
{
	archiveVersion = 1;
	classes = {
	};
	objectVersion = 55;
	objects = {

/* Begin PBXBuildFile section */
		5148F50B2B99790B00B4EBA8 /* BicepCurls.swift in Sources */ = {isa = PBXBuildFile; fileRef = 5148F50A2B99790B00B4EBA8 /* BicepCurls.swift */; };
		515355C22B98E90200938EC6 /* AllExercisesView.swift in Sources */ = {isa = PBXBuildFile; fileRef = 515355C12B98E90200938EC6 /* AllExercisesView.swift */; };
		515EA76C2BBB3F8C00225FA3 /* AddWorkoutGroupView.swift in Sources */ = {isa = PBXBuildFile; fileRef = 515EA7672BBB3F8C00225FA3 /* AddWorkoutGroupView.swift */; };
		515EA76D2BBB3F8C00225FA3 /* InputFieldView.swift in Sources */ = {isa = PBXBuildFile; fileRef = 515EA7682BBB3F8C00225FA3 /* InputFieldView.swift */; };
		515EA76E2BBB3F8C00225FA3 /* PreviousWorkouts.swift in Sources */ = {isa = PBXBuildFile; fileRef = 515EA7692BBB3F8C00225FA3 /* PreviousWorkouts.swift */; };
		515EA76F2BBB3F8C00225FA3 /* SecureInputFieldView.swift in Sources */ = {isa = PBXBuildFile; fileRef = 515EA76A2BBB3F8C00225FA3 /* SecureInputFieldView.swift */; };
		515EA7772BBB67C500225FA3 /* AmpUpTests.swift in Sources */ = {isa = PBXBuildFile; fileRef = 515EA7762BBB67C500225FA3 /* AmpUpTests.swift */; };
		515EA77F2BBB69F600225FA3 /* FirestoreService.swift in Sources */ = {isa = PBXBuildFile; fileRef = 515EA77D2BBB69E800225FA3 /* FirestoreService.swift */; };
		516081CE2B7D17D20005AFC5 /* Workouts.swift in Sources */ = {isa = PBXBuildFile; fileRef = 516081CD2B7D17D20005AFC5 /* Workouts.swift */; };
		516081D02B7D17FD0005AFC5 /* Profile.swift in Sources */ = {isa = PBXBuildFile; fileRef = 516081CF2B7D17FD0005AFC5 /* Profile.swift */; };
		516081D22B7D18340005AFC5 /* SignUp.swift in Sources */ = {isa = PBXBuildFile; fileRef = 516081D12B7D18340005AFC5 /* SignUp.swift */; };
		9934A10C2B7A699400AC028E /* AmpUpApp.swift in Sources */ = {isa = PBXBuildFile; fileRef = 9934A10B2B7A699400AC028E /* AmpUpApp.swift */; };
		9934A10E2B7A699400AC028E /* ContentView.swift in Sources */ = {isa = PBXBuildFile; fileRef = 9934A10D2B7A699400AC028E /* ContentView.swift */; };
		9934A1102B7A699800AC028E /* Assets.xcassets in Resources */ = {isa = PBXBuildFile; fileRef = 9934A10F2B7A699800AC028E /* Assets.xcassets */; };
		9934A1132B7A699800AC028E /* Preview Assets.xcassets in Resources */ = {isa = PBXBuildFile; fileRef = 9934A1122B7A699800AC028E /* Preview Assets.xcassets */; };
		9934A11B2B7A6CFA00AC028E /* FirebaseAnalytics in Frameworks */ = {isa = PBXBuildFile; productRef = 9934A11A2B7A6CFA00AC028E /* FirebaseAnalytics */; };
		9934A11D2B7A6CFA00AC028E /* FirebaseAnalyticsSwift in Frameworks */ = {isa = PBXBuildFile; productRef = 9934A11C2B7A6CFA00AC028E /* FirebaseAnalyticsSwift */; };
		9934A11F2B7A6CFA00AC028E /* FirebaseAuth in Frameworks */ = {isa = PBXBuildFile; productRef = 9934A11E2B7A6CFA00AC028E /* FirebaseAuth */; };
		9934A1212B7A6CFA00AC028E /* FirebaseDatabase in Frameworks */ = {isa = PBXBuildFile; productRef = 9934A1202B7A6CFA00AC028E /* FirebaseDatabase */; };
		9934A1232B7A6CFA00AC028E /* FirebaseDatabaseSwift in Frameworks */ = {isa = PBXBuildFile; productRef = 9934A1222B7A6CFA00AC028E /* FirebaseDatabaseSwift */; };
		9934A1252B7A6CFA00AC028E /* FirebaseFirestore in Frameworks */ = {isa = PBXBuildFile; productRef = 9934A1242B7A6CFA00AC028E /* FirebaseFirestore */; };
		9934A1272B7A6CFA00AC028E /* FirebaseFirestoreSwift in Frameworks */ = {isa = PBXBuildFile; productRef = 9934A1262B7A6CFA00AC028E /* FirebaseFirestoreSwift */; };
		9934A1292B7A6CFA00AC028E /* FirebaseStorage in Frameworks */ = {isa = PBXBuildFile; productRef = 9934A1282B7A6CFA00AC028E /* FirebaseStorage */; };
		9934A12B2B7A70C400AC028E /* GoogleService-Info.plist in Resources */ = {isa = PBXBuildFile; fileRef = 9934A12A2B7A70C300AC028E /* GoogleService-Info.plist */; };
		99B1A7312BA889A100E437FA /* WorkoutGraph.swift in Sources */ = {isa = PBXBuildFile; fileRef = 99B1A7302BA889A000E437FA /* WorkoutGraph.swift */; };
/* End PBXBuildFile section */

/* Begin PBXContainerItemProxy section */
		515EA7782BBB67C500225FA3 /* PBXContainerItemProxy */ = {
			isa = PBXContainerItemProxy;
			containerPortal = 9934A1002B7A699300AC028E /* Project object */;
			proxyType = 1;
			remoteGlobalIDString = 9934A1072B7A699400AC028E;
			remoteInfo = AmpUp;
		};
/* End PBXContainerItemProxy section */

/* Begin PBXFileReference section */
		5148F50A2B99790B00B4EBA8 /* BicepCurls.swift */ = {isa = PBXFileReference; lastKnownFileType = sourcecode.swift; path = BicepCurls.swift; sourceTree = "<group>"; };
		515355C12B98E90200938EC6 /* AllExercisesView.swift */ = {isa = PBXFileReference; lastKnownFileType = sourcecode.swift; path = AllExercisesView.swift; sourceTree = "<group>"; };
		515EA7672BBB3F8C00225FA3 /* AddWorkoutGroupView.swift */ = {isa = PBXFileReference; fileEncoding = 4; lastKnownFileType = sourcecode.swift; path = AddWorkoutGroupView.swift; sourceTree = "<group>"; };
		515EA7682BBB3F8C00225FA3 /* InputFieldView.swift */ = {isa = PBXFileReference; fileEncoding = 4; lastKnownFileType = sourcecode.swift; path = InputFieldView.swift; sourceTree = "<group>"; };
		515EA7692BBB3F8C00225FA3 /* PreviousWorkouts.swift */ = {isa = PBXFileReference; fileEncoding = 4; lastKnownFileType = sourcecode.swift; path = PreviousWorkouts.swift; sourceTree = "<group>"; };
		515EA76A2BBB3F8C00225FA3 /* SecureInputFieldView.swift */ = {isa = PBXFileReference; fileEncoding = 4; lastKnownFileType = sourcecode.swift; path = SecureInputFieldView.swift; sourceTree = "<group>"; };
		515EA7742BBB67C500225FA3 /* AmpUpTests.xctest */ = {isa = PBXFileReference; explicitFileType = wrapper.cfbundle; includeInIndex = 0; path = AmpUpTests.xctest; sourceTree = BUILT_PRODUCTS_DIR; };
		515EA7762BBB67C500225FA3 /* AmpUpTests.swift */ = {isa = PBXFileReference; lastKnownFileType = sourcecode.swift; path = AmpUpTests.swift; sourceTree = "<group>"; };
		515EA77D2BBB69E800225FA3 /* FirestoreService.swift */ = {isa = PBXFileReference; lastKnownFileType = sourcecode.swift; path = FirestoreService.swift; sourceTree = "<group>"; };
		516081CD2B7D17D20005AFC5 /* Workouts.swift */ = {isa = PBXFileReference; lastKnownFileType = sourcecode.swift; path = Workouts.swift; sourceTree = "<group>"; };
		516081CF2B7D17FD0005AFC5 /* Profile.swift */ = {isa = PBXFileReference; lastKnownFileType = sourcecode.swift; path = Profile.swift; sourceTree = "<group>"; };
		516081D12B7D18340005AFC5 /* SignUp.swift */ = {isa = PBXFileReference; lastKnownFileType = sourcecode.swift; path = SignUp.swift; sourceTree = "<group>"; };
		9934A1082B7A699400AC028E /* AmpUp.app */ = {isa = PBXFileReference; explicitFileType = wrapper.application; includeInIndex = 0; path = AmpUp.app; sourceTree = BUILT_PRODUCTS_DIR; };
		9934A10B2B7A699400AC028E /* AmpUpApp.swift */ = {isa = PBXFileReference; lastKnownFileType = sourcecode.swift; path = AmpUpApp.swift; sourceTree = "<group>"; };
		9934A10D2B7A699400AC028E /* ContentView.swift */ = {isa = PBXFileReference; lastKnownFileType = sourcecode.swift; path = ContentView.swift; sourceTree = "<group>"; };
		9934A10F2B7A699800AC028E /* Assets.xcassets */ = {isa = PBXFileReference; lastKnownFileType = folder.assetcatalog; path = Assets.xcassets; sourceTree = "<group>"; };
		9934A1122B7A699800AC028E /* Preview Assets.xcassets */ = {isa = PBXFileReference; lastKnownFileType = folder.assetcatalog; path = "Preview Assets.xcassets"; sourceTree = "<group>"; };
		9934A12A2B7A70C300AC028E /* GoogleService-Info.plist */ = {isa = PBXFileReference; fileEncoding = 4; lastKnownFileType = text.plist.xml; path = "GoogleService-Info.plist"; sourceTree = "<group>"; };
		99B1A7302BA889A000E437FA /* WorkoutGraph.swift */ = {isa = PBXFileReference; lastKnownFileType = sourcecode.swift; path = WorkoutGraph.swift; sourceTree = "<group>"; };
/* End PBXFileReference section */

/* Begin PBXFrameworksBuildPhase section */
		515EA7712BBB67C500225FA3 /* Frameworks */ = {
			isa = PBXFrameworksBuildPhase;
			buildActionMask = 2147483647;
			files = (
			);
			runOnlyForDeploymentPostprocessing = 0;
		};
		9934A1052B7A699400AC028E /* Frameworks */ = {
			isa = PBXFrameworksBuildPhase;
			buildActionMask = 2147483647;
			files = (
				9934A1232B7A6CFA00AC028E /* FirebaseDatabaseSwift in Frameworks */,
				9934A11D2B7A6CFA00AC028E /* FirebaseAnalyticsSwift in Frameworks */,
				9934A11F2B7A6CFA00AC028E /* FirebaseAuth in Frameworks */,
				9934A1272B7A6CFA00AC028E /* FirebaseFirestoreSwift in Frameworks */,
				9934A1212B7A6CFA00AC028E /* FirebaseDatabase in Frameworks */,
				9934A1292B7A6CFA00AC028E /* FirebaseStorage in Frameworks */,
				9934A11B2B7A6CFA00AC028E /* FirebaseAnalytics in Frameworks */,
				9934A1252B7A6CFA00AC028E /* FirebaseFirestore in Frameworks */,
			);
			runOnlyForDeploymentPostprocessing = 0;
		};
/* End PBXFrameworksBuildPhase section */

/* Begin PBXGroup section */
		515EA76B2BBB3F8C00225FA3 /* Views */ = {
			isa = PBXGroup;
			children = (
				515EA7672BBB3F8C00225FA3 /* AddWorkoutGroupView.swift */,
				515EA7682BBB3F8C00225FA3 /* InputFieldView.swift */,
				515EA7692BBB3F8C00225FA3 /* PreviousWorkouts.swift */,
				515EA76A2BBB3F8C00225FA3 /* SecureInputFieldView.swift */,
			);
			path = Views;
			sourceTree = "<group>";
		};
		515EA7752BBB67C500225FA3 /* AmpUpTests */ = {
			isa = PBXGroup;
			children = (
				515EA7762BBB67C500225FA3 /* AmpUpTests.swift */,
			);
			path = AmpUpTests;
			sourceTree = "<group>";
		};
		9934A0FF2B7A699300AC028E = {
			isa = PBXGroup;
			children = (
				9934A10A2B7A699400AC028E /* AmpUp */,
				515EA7752BBB67C500225FA3 /* AmpUpTests */,
				9934A1092B7A699400AC028E /* Products */,
			);
			sourceTree = "<group>";
		};
		9934A1092B7A699400AC028E /* Products */ = {
			isa = PBXGroup;
			children = (
				9934A1082B7A699400AC028E /* AmpUp.app */,
				515EA7742BBB67C500225FA3 /* AmpUpTests.xctest */,
			);
			name = Products;
			sourceTree = "<group>";
		};
		9934A10A2B7A699400AC028E /* AmpUp */ = {
			isa = PBXGroup;
			children = (
				9934A12A2B7A70C300AC028E /* GoogleService-Info.plist */,
				9934A10B2B7A699400AC028E /* AmpUpApp.swift */,
				9934A10D2B7A699400AC028E /* ContentView.swift */,
				515EA77D2BBB69E800225FA3 /* FirestoreService.swift */,
				516081D12B7D18340005AFC5 /* SignUp.swift */,
				516081CF2B7D17FD0005AFC5 /* Profile.swift */,
				516081CD2B7D17D20005AFC5 /* Workouts.swift */,
				515355C12B98E90200938EC6 /* AllExercisesView.swift */,
				515EA76B2BBB3F8C00225FA3 /* Views */,
				99B1A7302BA889A000E437FA /* WorkoutGraph.swift */,
				5148F50A2B99790B00B4EBA8 /* BicepCurls.swift */,
				9934A10F2B7A699800AC028E /* Assets.xcassets */,
				9934A1112B7A699800AC028E /* Preview Content */,
			);
			path = AmpUp;
			sourceTree = "<group>";
		};
		9934A1112B7A699800AC028E /* Preview Content */ = {
			isa = PBXGroup;
			children = (
				9934A1122B7A699800AC028E /* Preview Assets.xcassets */,
			);
			path = "Preview Content";
			sourceTree = "<group>";
		};
/* End PBXGroup section */

/* Begin PBXNativeTarget section */
		515EA7732BBB67C500225FA3 /* AmpUpTests */ = {
			isa = PBXNativeTarget;
			buildConfigurationList = 515EA77A2BBB67C500225FA3 /* Build configuration list for PBXNativeTarget "AmpUpTests" */;
			buildPhases = (
				515EA7702BBB67C500225FA3 /* Sources */,
				515EA7712BBB67C500225FA3 /* Frameworks */,
				515EA7722BBB67C500225FA3 /* Resources */,
			);
			buildRules = (
			);
			dependencies = (
				515EA7792BBB67C500225FA3 /* PBXTargetDependency */,
			);
			name = AmpUpTests;
			productName = AmpUpTests;
			productReference = 515EA7742BBB67C500225FA3 /* AmpUpTests.xctest */;
			productType = "com.apple.product-type.bundle.unit-test";
		};
		9934A1072B7A699400AC028E /* AmpUp */ = {
			isa = PBXNativeTarget;
			buildConfigurationList = 9934A1162B7A699800AC028E /* Build configuration list for PBXNativeTarget "AmpUp" */;
			buildPhases = (
				9934A1042B7A699400AC028E /* Sources */,
				9934A1052B7A699400AC028E /* Frameworks */,
				9934A1062B7A699400AC028E /* Resources */,
			);
			buildRules = (
			);
			dependencies = (
			);
			name = AmpUp;
			packageProductDependencies = (
				9934A11A2B7A6CFA00AC028E /* FirebaseAnalytics */,
				9934A11C2B7A6CFA00AC028E /* FirebaseAnalyticsSwift */,
				9934A11E2B7A6CFA00AC028E /* FirebaseAuth */,
				9934A1202B7A6CFA00AC028E /* FirebaseDatabase */,
				9934A1222B7A6CFA00AC028E /* FirebaseDatabaseSwift */,
				9934A1242B7A6CFA00AC028E /* FirebaseFirestore */,
				9934A1262B7A6CFA00AC028E /* FirebaseFirestoreSwift */,
				9934A1282B7A6CFA00AC028E /* FirebaseStorage */,
			);
			productName = AmpUp;
			productReference = 9934A1082B7A699400AC028E /* AmpUp.app */;
			productType = "com.apple.product-type.application";
		};
/* End PBXNativeTarget section */

/* Begin PBXProject section */
		9934A1002B7A699300AC028E /* Project object */ = {
			isa = PBXProject;
			attributes = {
				BuildIndependentTargetsInParallel = 1;
				LastSwiftUpdateCheck = 1530;
				LastUpgradeCheck = 1320;
				TargetAttributes = {
					515EA7732BBB67C500225FA3 = {
						CreatedOnToolsVersion = 15.3;
						TestTargetID = 9934A1072B7A699400AC028E;
					};
					9934A1072B7A699400AC028E = {
						CreatedOnToolsVersion = 13.2.1;
					};
				};
			};
			buildConfigurationList = 9934A1032B7A699300AC028E /* Build configuration list for PBXProject "AmpUp" */;
			compatibilityVersion = "Xcode 13.0";
			developmentRegion = en;
			hasScannedForEncodings = 0;
			knownRegions = (
				en,
				Base,
			);
			mainGroup = 9934A0FF2B7A699300AC028E;
			packageReferences = (
				9934A1192B7A6CFA00AC028E /* XCRemoteSwiftPackageReference "firebase-ios-sdk" */,
			);
			productRefGroup = 9934A1092B7A699400AC028E /* Products */;
			projectDirPath = "";
			projectRoot = "";
			targets = (
				9934A1072B7A699400AC028E /* AmpUp */,
				515EA7732BBB67C500225FA3 /* AmpUpTests */,
			);
		};
/* End PBXProject section */

/* Begin PBXResourcesBuildPhase section */
		515EA7722BBB67C500225FA3 /* Resources */ = {
			isa = PBXResourcesBuildPhase;
			buildActionMask = 2147483647;
			files = (
			);
			runOnlyForDeploymentPostprocessing = 0;
		};
		9934A1062B7A699400AC028E /* Resources */ = {
			isa = PBXResourcesBuildPhase;
			buildActionMask = 2147483647;
			files = (
				9934A1132B7A699800AC028E /* Preview Assets.xcassets in Resources */,
				9934A1102B7A699800AC028E /* Assets.xcassets in Resources */,
				9934A12B2B7A70C400AC028E /* GoogleService-Info.plist in Resources */,
			);
			runOnlyForDeploymentPostprocessing = 0;
		};
/* End PBXResourcesBuildPhase section */

/* Begin PBXSourcesBuildPhase section */
		515EA7702BBB67C500225FA3 /* Sources */ = {
			isa = PBXSourcesBuildPhase;
			buildActionMask = 2147483647;
			files = (
				515EA7772BBB67C500225FA3 /* AmpUpTests.swift in Sources */,
			);
			runOnlyForDeploymentPostprocessing = 0;
		};
		9934A1042B7A699400AC028E /* Sources */ = {
			isa = PBXSourcesBuildPhase;
			buildActionMask = 2147483647;
			files = (
				516081D22B7D18340005AFC5 /* SignUp.swift in Sources */,
				515EA76E2BBB3F8C00225FA3 /* PreviousWorkouts.swift in Sources */,
				99B1A7312BA889A100E437FA /* WorkoutGraph.swift in Sources */,
				515EA77F2BBB69F600225FA3 /* FirestoreService.swift in Sources */,
				516081D02B7D17FD0005AFC5 /* Profile.swift in Sources */,
				9934A10E2B7A699400AC028E /* ContentView.swift in Sources */,
				9934A10C2B7A699400AC028E /* AmpUpApp.swift in Sources */,
				515355C22B98E90200938EC6 /* AllExercisesView.swift in Sources */,
				515EA76F2BBB3F8C00225FA3 /* SecureInputFieldView.swift in Sources */,
				515EA76C2BBB3F8C00225FA3 /* AddWorkoutGroupView.swift in Sources */,
				516081CE2B7D17D20005AFC5 /* Workouts.swift in Sources */,
				515EA76D2BBB3F8C00225FA3 /* InputFieldView.swift in Sources */,
				5148F50B2B99790B00B4EBA8 /* BicepCurls.swift in Sources */,
			);
			runOnlyForDeploymentPostprocessing = 0;
		};
/* End PBXSourcesBuildPhase section */

/* Begin PBXTargetDependency section */
		515EA7792BBB67C500225FA3 /* PBXTargetDependency */ = {
			isa = PBXTargetDependency;
			target = 9934A1072B7A699400AC028E /* AmpUp */;
			targetProxy = 515EA7782BBB67C500225FA3 /* PBXContainerItemProxy */;
		};
/* End PBXTargetDependency section */

/* Begin XCBuildConfiguration section */
		515EA77B2BBB67C500225FA3 /* Debug */ = {
			isa = XCBuildConfiguration;
			buildSettings = {
				ASSETCATALOG_COMPILER_GENERATE_SWIFT_ASSET_SYMBOL_EXTENSIONS = YES;
				BUNDLE_LOADER = "$(TEST_HOST)";
				CLANG_CXX_LANGUAGE_STANDARD = "gnu++20";
				CODE_SIGN_STYLE = Automatic;
				CURRENT_PROJECT_VERSION = 1;
				DEVELOPMENT_TEAM = D2XK6X8N8F;
				ENABLE_USER_SCRIPT_SANDBOXING = YES;
				GCC_C_LANGUAGE_STANDARD = gnu17;
				GENERATE_INFOPLIST_FILE = YES;
				IPHONEOS_DEPLOYMENT_TARGET = 17.4;
				LOCALIZATION_PREFERS_STRING_CATALOGS = YES;
				MARKETING_VERSION = 1.0;
				PRODUCT_BUNDLE_IDENTIFIER = com.AmpUpTests;
				PRODUCT_NAME = "$(TARGET_NAME)";
				SWIFT_ACTIVE_COMPILATION_CONDITIONS = "DEBUG $(inherited)";
				SWIFT_EMIT_LOC_STRINGS = NO;
				SWIFT_VERSION = 5.0;
				TARGETED_DEVICE_FAMILY = "1,2";
				TEST_HOST = "$(BUILT_PRODUCTS_DIR)/AmpUp.app/$(BUNDLE_EXECUTABLE_FOLDER_PATH)/AmpUp";
			};
			name = Debug;
		};
		515EA77C2BBB67C500225FA3 /* Release */ = {
			isa = XCBuildConfiguration;
			buildSettings = {
				ASSETCATALOG_COMPILER_GENERATE_SWIFT_ASSET_SYMBOL_EXTENSIONS = YES;
				BUNDLE_LOADER = "$(TEST_HOST)";
				CLANG_CXX_LANGUAGE_STANDARD = "gnu++20";
				CODE_SIGN_STYLE = Automatic;
				CURRENT_PROJECT_VERSION = 1;
				DEVELOPMENT_TEAM = D2XK6X8N8F;
				ENABLE_USER_SCRIPT_SANDBOXING = YES;
				GCC_C_LANGUAGE_STANDARD = gnu17;
				GENERATE_INFOPLIST_FILE = YES;
				IPHONEOS_DEPLOYMENT_TARGET = 17.4;
				LOCALIZATION_PREFERS_STRING_CATALOGS = YES;
				MARKETING_VERSION = 1.0;
				PRODUCT_BUNDLE_IDENTIFIER = com.AmpUpTests;
				PRODUCT_NAME = "$(TARGET_NAME)";
				SWIFT_EMIT_LOC_STRINGS = NO;
				SWIFT_VERSION = 5.0;
				TARGETED_DEVICE_FAMILY = "1,2";
				TEST_HOST = "$(BUILT_PRODUCTS_DIR)/AmpUp.app/$(BUNDLE_EXECUTABLE_FOLDER_PATH)/AmpUp";
			};
			name = Release;
		};
		9934A1142B7A699800AC028E /* Debug */ = {
			isa = XCBuildConfiguration;
			buildSettings = {
				ALWAYS_SEARCH_USER_PATHS = NO;
				CLANG_ANALYZER_NONNULL = YES;
				CLANG_ANALYZER_NUMBER_OBJECT_CONVERSION = YES_AGGRESSIVE;
				CLANG_CXX_LANGUAGE_STANDARD = "gnu++17";
				CLANG_CXX_LIBRARY = "libc++";
				CLANG_ENABLE_MODULES = YES;
				CLANG_ENABLE_OBJC_ARC = YES;
				CLANG_ENABLE_OBJC_WEAK = YES;
				CLANG_WARN_BLOCK_CAPTURE_AUTORELEASING = YES;
				CLANG_WARN_BOOL_CONVERSION = YES;
				CLANG_WARN_COMMA = YES;
				CLANG_WARN_CONSTANT_CONVERSION = YES;
				CLANG_WARN_DEPRECATED_OBJC_IMPLEMENTATIONS = YES;
				CLANG_WARN_DIRECT_OBJC_ISA_USAGE = YES_ERROR;
				CLANG_WARN_DOCUMENTATION_COMMENTS = YES;
				CLANG_WARN_EMPTY_BODY = YES;
				CLANG_WARN_ENUM_CONVERSION = YES;
				CLANG_WARN_INFINITE_RECURSION = YES;
				CLANG_WARN_INT_CONVERSION = YES;
				CLANG_WARN_NON_LITERAL_NULL_CONVERSION = YES;
				CLANG_WARN_OBJC_IMPLICIT_RETAIN_SELF = YES;
				CLANG_WARN_OBJC_LITERAL_CONVERSION = YES;
				CLANG_WARN_OBJC_ROOT_CLASS = YES_ERROR;
				CLANG_WARN_QUOTED_INCLUDE_IN_FRAMEWORK_HEADER = YES;
				CLANG_WARN_RANGE_LOOP_ANALYSIS = YES;
				CLANG_WARN_STRICT_PROTOTYPES = YES;
				CLANG_WARN_SUSPICIOUS_MOVE = YES;
				CLANG_WARN_UNGUARDED_AVAILABILITY = YES_AGGRESSIVE;
				CLANG_WARN_UNREACHABLE_CODE = YES;
				CLANG_WARN__DUPLICATE_METHOD_MATCH = YES;
				COPY_PHASE_STRIP = NO;
				DEBUG_INFORMATION_FORMAT = dwarf;
				ENABLE_STRICT_OBJC_MSGSEND = YES;
				ENABLE_TESTABILITY = YES;
				GCC_C_LANGUAGE_STANDARD = gnu11;
				GCC_DYNAMIC_NO_PIC = NO;
				GCC_NO_COMMON_BLOCKS = YES;
				GCC_OPTIMIZATION_LEVEL = 0;
				GCC_PREPROCESSOR_DEFINITIONS = (
					"DEBUG=1",
					"$(inherited)",
				);
				GCC_WARN_64_TO_32_BIT_CONVERSION = YES;
				GCC_WARN_ABOUT_RETURN_TYPE = YES_ERROR;
				GCC_WARN_UNDECLARED_SELECTOR = YES;
				GCC_WARN_UNINITIALIZED_AUTOS = YES_AGGRESSIVE;
				GCC_WARN_UNUSED_FUNCTION = YES;
				GCC_WARN_UNUSED_VARIABLE = YES;
				IPHONEOS_DEPLOYMENT_TARGET = 15.2;
				MTL_ENABLE_DEBUG_INFO = INCLUDE_SOURCE;
				MTL_FAST_MATH = YES;
				ONLY_ACTIVE_ARCH = YES;
				SDKROOT = iphoneos;
				SWIFT_ACTIVE_COMPILATION_CONDITIONS = DEBUG;
				SWIFT_OPTIMIZATION_LEVEL = "-Onone";
			};
			name = Debug;
		};
		9934A1152B7A699800AC028E /* Release */ = {
			isa = XCBuildConfiguration;
			buildSettings = {
				ALWAYS_SEARCH_USER_PATHS = NO;
				CLANG_ANALYZER_NONNULL = YES;
				CLANG_ANALYZER_NUMBER_OBJECT_CONVERSION = YES_AGGRESSIVE;
				CLANG_CXX_LANGUAGE_STANDARD = "gnu++17";
				CLANG_CXX_LIBRARY = "libc++";
				CLANG_ENABLE_MODULES = YES;
				CLANG_ENABLE_OBJC_ARC = YES;
				CLANG_ENABLE_OBJC_WEAK = YES;
				CLANG_WARN_BLOCK_CAPTURE_AUTORELEASING = YES;
				CLANG_WARN_BOOL_CONVERSION = YES;
				CLANG_WARN_COMMA = YES;
				CLANG_WARN_CONSTANT_CONVERSION = YES;
				CLANG_WARN_DEPRECATED_OBJC_IMPLEMENTATIONS = YES;
				CLANG_WARN_DIRECT_OBJC_ISA_USAGE = YES_ERROR;
				CLANG_WARN_DOCUMENTATION_COMMENTS = YES;
				CLANG_WARN_EMPTY_BODY = YES;
				CLANG_WARN_ENUM_CONVERSION = YES;
				CLANG_WARN_INFINITE_RECURSION = YES;
				CLANG_WARN_INT_CONVERSION = YES;
				CLANG_WARN_NON_LITERAL_NULL_CONVERSION = YES;
				CLANG_WARN_OBJC_IMPLICIT_RETAIN_SELF = YES;
				CLANG_WARN_OBJC_LITERAL_CONVERSION = YES;
				CLANG_WARN_OBJC_ROOT_CLASS = YES_ERROR;
				CLANG_WARN_QUOTED_INCLUDE_IN_FRAMEWORK_HEADER = YES;
				CLANG_WARN_RANGE_LOOP_ANALYSIS = YES;
				CLANG_WARN_STRICT_PROTOTYPES = YES;
				CLANG_WARN_SUSPICIOUS_MOVE = YES;
				CLANG_WARN_UNGUARDED_AVAILABILITY = YES_AGGRESSIVE;
				CLANG_WARN_UNREACHABLE_CODE = YES;
				CLANG_WARN__DUPLICATE_METHOD_MATCH = YES;
				COPY_PHASE_STRIP = NO;
				DEBUG_INFORMATION_FORMAT = "dwarf-with-dsym";
				ENABLE_NS_ASSERTIONS = NO;
				ENABLE_STRICT_OBJC_MSGSEND = YES;
				GCC_C_LANGUAGE_STANDARD = gnu11;
				GCC_NO_COMMON_BLOCKS = YES;
				GCC_WARN_64_TO_32_BIT_CONVERSION = YES;
				GCC_WARN_ABOUT_RETURN_TYPE = YES_ERROR;
				GCC_WARN_UNDECLARED_SELECTOR = YES;
				GCC_WARN_UNINITIALIZED_AUTOS = YES_AGGRESSIVE;
				GCC_WARN_UNUSED_FUNCTION = YES;
				GCC_WARN_UNUSED_VARIABLE = YES;
				IPHONEOS_DEPLOYMENT_TARGET = 15.2;
				MTL_ENABLE_DEBUG_INFO = NO;
				MTL_FAST_MATH = YES;
				SDKROOT = iphoneos;
				SWIFT_COMPILATION_MODE = wholemodule;
				SWIFT_OPTIMIZATION_LEVEL = "-O";
				VALIDATE_PRODUCT = YES;
			};
			name = Release;
		};
		9934A1172B7A699800AC028E /* Debug */ = {
			isa = XCBuildConfiguration;
			buildSettings = {
				ASSETCATALOG_COMPILER_APPICON_NAME = AppIcon;
				ASSETCATALOG_COMPILER_GLOBAL_ACCENT_COLOR_NAME = AccentColor;
				CODE_SIGN_STYLE = Automatic;
				CURRENT_PROJECT_VERSION = 1;
				DEVELOPMENT_ASSET_PATHS = "\"AmpUp/Preview Content\"";
				ENABLE_PREVIEWS = YES;
				GENERATE_INFOPLIST_FILE = YES;
				INFOPLIST_KEY_UIApplicationSceneManifest_Generation = YES;
				INFOPLIST_KEY_UIApplicationSupportsIndirectInputEvents = YES;
				INFOPLIST_KEY_UILaunchScreen_Generation = YES;
				INFOPLIST_KEY_UISupportedInterfaceOrientations_iPad = "UIInterfaceOrientationPortrait UIInterfaceOrientationPortraitUpsideDown UIInterfaceOrientationLandscapeLeft UIInterfaceOrientationLandscapeRight";
				INFOPLIST_KEY_UISupportedInterfaceOrientations_iPhone = "UIInterfaceOrientationPortrait UIInterfaceOrientationLandscapeLeft UIInterfaceOrientationLandscapeRight";
				LD_RUNPATH_SEARCH_PATHS = (
					"$(inherited)",
					"@executable_path/Frameworks",
				);
				MARKETING_VERSION = 1.0;
				PRODUCT_BUNDLE_IDENTIFIER = com.getbig.ampup;
				PRODUCT_NAME = "$(TARGET_NAME)";
				SWIFT_EMIT_LOC_STRINGS = YES;
				SWIFT_VERSION = 5.0;
				TARGETED_DEVICE_FAMILY = "1,2";
			};
			name = Debug;
		};
		9934A1182B7A699800AC028E /* Release */ = {
			isa = XCBuildConfiguration;
			buildSettings = {
				ASSETCATALOG_COMPILER_APPICON_NAME = AppIcon;
				ASSETCATALOG_COMPILER_GLOBAL_ACCENT_COLOR_NAME = AccentColor;
				CODE_SIGN_STYLE = Automatic;
				CURRENT_PROJECT_VERSION = 1;
				DEVELOPMENT_ASSET_PATHS = "\"AmpUp/Preview Content\"";
				ENABLE_PREVIEWS = YES;
				GENERATE_INFOPLIST_FILE = YES;
				INFOPLIST_KEY_UIApplicationSceneManifest_Generation = YES;
				INFOPLIST_KEY_UIApplicationSupportsIndirectInputEvents = YES;
				INFOPLIST_KEY_UILaunchScreen_Generation = YES;
				INFOPLIST_KEY_UISupportedInterfaceOrientations_iPad = "UIInterfaceOrientationPortrait UIInterfaceOrientationPortraitUpsideDown UIInterfaceOrientationLandscapeLeft UIInterfaceOrientationLandscapeRight";
				INFOPLIST_KEY_UISupportedInterfaceOrientations_iPhone = "UIInterfaceOrientationPortrait UIInterfaceOrientationLandscapeLeft UIInterfaceOrientationLandscapeRight";
				LD_RUNPATH_SEARCH_PATHS = (
					"$(inherited)",
					"@executable_path/Frameworks",
				);
				MARKETING_VERSION = 1.0;
				PRODUCT_BUNDLE_IDENTIFIER = com.getbig.ampup;
				PRODUCT_NAME = "$(TARGET_NAME)";
				SWIFT_EMIT_LOC_STRINGS = YES;
				SWIFT_VERSION = 5.0;
				TARGETED_DEVICE_FAMILY = "1,2";
			};
			name = Release;
		};
/* End XCBuildConfiguration section */

/* Begin XCConfigurationList section */
		515EA77A2BBB67C500225FA3 /* Build configuration list for PBXNativeTarget "AmpUpTests" */ = {
			isa = XCConfigurationList;
			buildConfigurations = (
				515EA77B2BBB67C500225FA3 /* Debug */,
				515EA77C2BBB67C500225FA3 /* Release */,
			);
			defaultConfigurationIsVisible = 0;
			defaultConfigurationName = Release;
		};
		9934A1032B7A699300AC028E /* Build configuration list for PBXProject "AmpUp" */ = {
			isa = XCConfigurationList;
			buildConfigurations = (
				9934A1142B7A699800AC028E /* Debug */,
				9934A1152B7A699800AC028E /* Release */,
			);
			defaultConfigurationIsVisible = 0;
			defaultConfigurationName = Release;
		};
		9934A1162B7A699800AC028E /* Build configuration list for PBXNativeTarget "AmpUp" */ = {
			isa = XCConfigurationList;
			buildConfigurations = (
				9934A1172B7A699800AC028E /* Debug */,
				9934A1182B7A699800AC028E /* Release */,
			);
			defaultConfigurationIsVisible = 0;
			defaultConfigurationName = Release;
		};
/* End XCConfigurationList section */

/* Begin XCRemoteSwiftPackageReference section */
		9934A1192B7A6CFA00AC028E /* XCRemoteSwiftPackageReference "firebase-ios-sdk" */ = {
			isa = XCRemoteSwiftPackageReference;
			repositoryURL = "https://github.com/firebase/firebase-ios-sdk";
			requirement = {
				kind = upToNextMajorVersion;
				minimumVersion = 10.0.0;
			};
		};
/* End XCRemoteSwiftPackageReference section */

/* Begin XCSwiftPackageProductDependency section */
		9934A11A2B7A6CFA00AC028E /* FirebaseAnalytics */ = {
			isa = XCSwiftPackageProductDependency;
			package = 9934A1192B7A6CFA00AC028E /* XCRemoteSwiftPackageReference "firebase-ios-sdk" */;
			productName = FirebaseAnalytics;
		};
		9934A11C2B7A6CFA00AC028E /* FirebaseAnalyticsSwift */ = {
			isa = XCSwiftPackageProductDependency;
			package = 9934A1192B7A6CFA00AC028E /* XCRemoteSwiftPackageReference "firebase-ios-sdk" */;
			productName = FirebaseAnalyticsSwift;
		};
		9934A11E2B7A6CFA00AC028E /* FirebaseAuth */ = {
			isa = XCSwiftPackageProductDependency;
			package = 9934A1192B7A6CFA00AC028E /* XCRemoteSwiftPackageReference "firebase-ios-sdk" */;
			productName = FirebaseAuth;
		};
		9934A1202B7A6CFA00AC028E /* FirebaseDatabase */ = {
			isa = XCSwiftPackageProductDependency;
			package = 9934A1192B7A6CFA00AC028E /* XCRemoteSwiftPackageReference "firebase-ios-sdk" */;
			productName = FirebaseDatabase;
		};
		9934A1222B7A6CFA00AC028E /* FirebaseDatabaseSwift */ = {
			isa = XCSwiftPackageProductDependency;
			package = 9934A1192B7A6CFA00AC028E /* XCRemoteSwiftPackageReference "firebase-ios-sdk" */;
			productName = FirebaseDatabaseSwift;
		};
		9934A1242B7A6CFA00AC028E /* FirebaseFirestore */ = {
			isa = XCSwiftPackageProductDependency;
			package = 9934A1192B7A6CFA00AC028E /* XCRemoteSwiftPackageReference "firebase-ios-sdk" */;
			productName = FirebaseFirestore;
		};
		9934A1262B7A6CFA00AC028E /* FirebaseFirestoreSwift */ = {
			isa = XCSwiftPackageProductDependency;
			package = 9934A1192B7A6CFA00AC028E /* XCRemoteSwiftPackageReference "firebase-ios-sdk" */;
			productName = FirebaseFirestoreSwift;
		};
		9934A1282B7A6CFA00AC028E /* FirebaseStorage */ = {
			isa = XCSwiftPackageProductDependency;
			package = 9934A1192B7A6CFA00AC028E /* XCRemoteSwiftPackageReference "firebase-ios-sdk" */;
			productName = FirebaseStorage;
		};
/* End XCSwiftPackageProductDependency section */
	};
	rootObject = 9934A1002B7A699300AC028E /* Project object */;
}
